// !$*UTF8*$!
{
	archiveVersion = 1;
	classes = {
	};
	objectVersion = 51;
	objects = {

/* Begin PBXBuildFile section */
		063669E126B967DA008E9C0F /* AppDelegate.swift in Sources */ = {isa = PBXBuildFile; fileRef = 063669E026B967DA008E9C0F /* AppDelegate.swift */; };
		063669E526B967DA008E9C0F /* ViewController.swift in Sources */ = {isa = PBXBuildFile; fileRef = 063669E426B967DA008E9C0F /* ViewController.swift */; };
		063669EA26B967DA008E9C0F /* Assets.xcassets in Resources */ = {isa = PBXBuildFile; fileRef = 063669E926B967DA008E9C0F /* Assets.xcassets */; };
		063669ED26B967DA008E9C0F /* LaunchScreen.storyboard in Resources */ = {isa = PBXBuildFile; fileRef = 063669EB26B967DA008E9C0F /* LaunchScreen.storyboard */; };
		063669F826B96894008E9C0F /* ViewController.xib in Resources */ = {isa = PBXBuildFile; fileRef = 063669F726B96894008E9C0F /* ViewController.xib */; };
		BFE8BE8662D9C89323D5DD6B /* Pods_CounterApp1.framework in Frameworks */ = {isa = PBXBuildFile; fileRef = B018026CC7C170204FDD721B /* Pods_CounterApp1.framework */; };
/* End PBXBuildFile section */

/* Begin PBXFileReference section */
		063669DD26B967DA008E9C0F /* CounterApp1.app */ = {isa = PBXFileReference; explicitFileType = wrapper.application; includeInIndex = 0; path = CounterApp1.app; sourceTree = BUILT_PRODUCTS_DIR; };
		063669E026B967DA008E9C0F /* AppDelegate.swift */ = {isa = PBXFileReference; lastKnownFileType = sourcecode.swift; path = AppDelegate.swift; sourceTree = "<group>"; };
		063669E426B967DA008E9C0F /* ViewController.swift */ = {isa = PBXFileReference; lastKnownFileType = sourcecode.swift; path = ViewController.swift; sourceTree = "<group>"; };
		063669E926B967DA008E9C0F /* Assets.xcassets */ = {isa = PBXFileReference; lastKnownFileType = folder.assetcatalog; path = Assets.xcassets; sourceTree = "<group>"; };
		063669EC26B967DA008E9C0F /* Base */ = {isa = PBXFileReference; lastKnownFileType = file.storyboard; name = Base; path = Base.lproj/LaunchScreen.storyboard; sourceTree = "<group>"; };
		063669EE26B967DA008E9C0F /* Info.plist */ = {isa = PBXFileReference; lastKnownFileType = text.plist.xml; path = Info.plist; sourceTree = "<group>"; };
		063669F726B96894008E9C0F /* ViewController.xib */ = {isa = PBXFileReference; lastKnownFileType = file.xib; path = ViewController.xib; sourceTree = "<group>"; };
		89BDC5CC31B95E66326D7F72 /* Pods-CounterApp1.release.xcconfig */ = {isa = PBXFileReference; includeInIndex = 1; lastKnownFileType = text.xcconfig; name = "Pods-CounterApp1.release.xcconfig"; path = "Target Support Files/Pods-CounterApp1/Pods-CounterApp1.release.xcconfig"; sourceTree = "<group>"; };
		B018026CC7C170204FDD721B /* Pods_CounterApp1.framework */ = {isa = PBXFileReference; explicitFileType = wrapper.framework; includeInIndex = 0; path = Pods_CounterApp1.framework; sourceTree = BUILT_PRODUCTS_DIR; };
		D55C8DC68BA538855D6CB18A /* Pods-CounterApp1.debug.xcconfig */ = {isa = PBXFileReference; includeInIndex = 1; lastKnownFileType = text.xcconfig; name = "Pods-CounterApp1.debug.xcconfig"; path = "Target Support Files/Pods-CounterApp1/Pods-CounterApp1.debug.xcconfig"; sourceTree = "<group>"; };
/* End PBXFileReference section */

/* Begin PBXFrameworksBuildPhase section */
		063669DA26B967DA008E9C0F /* Frameworks */ = {
			isa = PBXFrameworksBuildPhase;
			buildActionMask = 2147483647;
			files = (
				BFE8BE8662D9C89323D5DD6B /* Pods_CounterApp1.framework in Frameworks */,
			);
			runOnlyForDeploymentPostprocessing = 0;
		};
/* End PBXFrameworksBuildPhase section */

/* Begin PBXGroup section */
		063669D426B967D9008E9C0F = {
			isa = PBXGroup;
			children = (
				063669DF26B967DA008E9C0F /* CounterApp1 */,
				063669DE26B967DA008E9C0F /* Products */,
				15B08CCF16C84E0E8E69A0C0 /* Pods */,
				C38B8CED7513341C5FB94CF6 /* Frameworks */,
			);
			sourceTree = "<group>";
		};
		063669DE26B967DA008E9C0F /* Products */ = {
			isa = PBXGroup;
			children = (
				063669DD26B967DA008E9C0F /* CounterApp1.app */,
			);
			name = Products;
			sourceTree = "<group>";
		};
		063669DF26B967DA008E9C0F /* CounterApp1 */ = {
			isa = PBXGroup;
			children = (
				063669E026B967DA008E9C0F /* AppDelegate.swift */,
				063669E426B967DA008E9C0F /* ViewController.swift */,
				063669E926B967DA008E9C0F /* Assets.xcassets */,
				063669EB26B967DA008E9C0F /* LaunchScreen.storyboard */,
				063669EE26B967DA008E9C0F /* Info.plist */,
				063669F726B96894008E9C0F /* ViewController.xib */,
			);
			path = CounterApp1;
			sourceTree = "<group>";
		};
		15B08CCF16C84E0E8E69A0C0 /* Pods */ = {
			isa = PBXGroup;
			children = (
				D55C8DC68BA538855D6CB18A /* Pods-CounterApp1.debug.xcconfig */,
				89BDC5CC31B95E66326D7F72 /* Pods-CounterApp1.release.xcconfig */,
			);
			path = Pods;
			sourceTree = "<group>";
		};
		C38B8CED7513341C5FB94CF6 /* Frameworks */ = {
			isa = PBXGroup;
			children = (
				B018026CC7C170204FDD721B /* Pods_CounterApp1.framework */,
			);
			name = Frameworks;
			sourceTree = "<group>";
		};
/* End PBXGroup section */

/* Begin PBXNativeTarget section */
		063669DC26B967DA008E9C0F /* CounterApp1 */ = {
			isa = PBXNativeTarget;
			buildConfigurationList = 063669F126B967DA008E9C0F /* Build configuration list for PBXNativeTarget "CounterApp1" */;
			buildPhases = (
				A58AEDF481B00C8734CF9560 /* [CP] Check Pods Manifest.lock */,
				063669D926B967DA008E9C0F /* Sources */,
				063669DA26B967DA008E9C0F /* Frameworks */,
				063669DB26B967DA008E9C0F /* Resources */,
				338A74DE1296AC43E2E956BD /* [CP] Embed Pods Frameworks */,
			);
			buildRules = (
			);
			dependencies = (
			);
			name = CounterApp1;
			productName = CounterApp1;
			productReference = 063669DD26B967DA008E9C0F /* CounterApp1.app */;
			productType = "com.apple.product-type.application";
		};
/* End PBXNativeTarget section */

/* Begin PBXProject section */
		063669D526B967D9008E9C0F /* Project object */ = {
			isa = PBXProject;
			attributes = {
				LastSwiftUpdateCheck = 1220;
				LastUpgradeCheck = 1220;
				TargetAttributes = {
					063669DC26B967DA008E9C0F = {
						CreatedOnToolsVersion = 12.2;
					};
				};
			};
			buildConfigurationList = 063669D826B967D9008E9C0F /* Build configuration list for PBXProject "CounterApp1" */;
			compatibilityVersion = "Xcode 9.3";
			developmentRegion = en;
			hasScannedForEncodings = 0;
			knownRegions = (
				en,
				Base,
			);
			mainGroup = 063669D426B967D9008E9C0F;
			productRefGroup = 063669DE26B967DA008E9C0F /* Products */;
			projectDirPath = "";
			projectRoot = "";
			targets = (
				063669DC26B967DA008E9C0F /* CounterApp1 */,
			);
		};
/* End PBXProject section */

/* Begin PBXResourcesBuildPhase section */
		063669DB26B967DA008E9C0F /* Resources */ = {
			isa = PBXResourcesBuildPhase;
			buildActionMask = 2147483647;
			files = (
				063669ED26B967DA008E9C0F /* LaunchScreen.storyboard in Resources */,
				063669F826B96894008E9C0F /* ViewController.xib in Resources */,
				063669EA26B967DA008E9C0F /* Assets.xcassets in Resources */,
			);
			runOnlyForDeploymentPostprocessing = 0;
		};
/* End PBXResourcesBuildPhase section */

/* Begin PBXShellScriptBuildPhase section */
		338A74DE1296AC43E2E956BD /* [CP] Embed Pods Frameworks */ = {
			isa = PBXShellScriptBuildPhase;
			buildActionMask = 2147483647;
			files = (
			);
			inputFileListPaths = (
				"${PODS_ROOT}/Target Support Files/Pods-CounterApp1/Pods-CounterApp1-frameworks-${CONFIGURATION}-input-files.xcfilelist",
			);
			name = "[CP] Embed Pods Frameworks";
			outputFileListPaths = (
				"${PODS_ROOT}/Target Support Files/Pods-CounterApp1/Pods-CounterApp1-frameworks-${CONFIGURATION}-output-files.xcfilelist",
			);
			runOnlyForDeploymentPostprocessing = 0;
			shellPath = /bin/sh;
			shellScript = "\"${PODS_ROOT}/Target Support Files/Pods-CounterApp1/Pods-CounterApp1-frameworks.sh\"\n";
			showEnvVarsInLog = 0;
		};
		A58AEDF481B00C8734CF9560 /* [CP] Check Pods Manifest.lock */ = {
			isa = PBXShellScriptBuildPhase;
			buildActionMask = 2147483647;
			files = (
			);
			inputFileListPaths = (
			);
			inputPaths = (
				"${PODS_PODFILE_DIR_PATH}/Podfile.lock",
				"${PODS_ROOT}/Manifest.lock",
			);
			name = "[CP] Check Pods Manifest.lock";
			outputFileListPaths = (
			);
			outputPaths = (
				"$(DERIVED_FILE_DIR)/Pods-CounterApp1-checkManifestLockResult.txt",
			);
			runOnlyForDeploymentPostprocessing = 0;
			shellPath = /bin/sh;
			shellScript = "diff \"${PODS_PODFILE_DIR_PATH}/Podfile.lock\" \"${PODS_ROOT}/Manifest.lock\" > /dev/null\nif [ $? != 0 ] ; then\n    # print error to STDERR\n    echo \"error: The sandbox is not in sync with the Podfile.lock. Run 'pod install' or update your CocoaPods installation.\" >&2\n    exit 1\nfi\n# This output is used by Xcode 'outputs' to avoid re-running this script phase.\necho \"SUCCESS\" > \"${SCRIPT_OUTPUT_FILE_0}\"\n";
			showEnvVarsInLog = 0;
		};
/* End PBXShellScriptBuildPhase section */

/* Begin PBXSourcesBuildPhase section */
		063669D926B967DA008E9C0F /* Sources */ = {
			isa = PBXSourcesBuildPhase;
			buildActionMask = 2147483647;
			files = (
				063669E526B967DA008E9C0F /* ViewController.swift in Sources */,
				063669E126B967DA008E9C0F /* AppDelegate.swift in Sources */,
			);
			runOnlyForDeploymentPostprocessing = 0;
		};
/* End PBXSourcesBuildPhase section */

/* Begin PBXVariantGroup section */
		063669EB26B967DA008E9C0F /* LaunchScreen.storyboard */ = {
			isa = PBXVariantGroup;
			children = (
				063669EC26B967DA008E9C0F /* Base */,
			);
			name = LaunchScreen.storyboard;
			sourceTree = "<group>";
		};
/* End PBXVariantGroup section */

/* Begin XCBuildConfiguration section */
		063669EF26B967DA008E9C0F /* Debug */ = {
			isa = XCBuildConfiguration;
			buildSettings = {
				ALWAYS_SEARCH_USER_PATHS = NO;
				CLANG_ANALYZER_NONNULL = YES;
				CLANG_ANALYZER_NUMBER_OBJECT_CONVERSION = YES_AGGRESSIVE;
				CLANG_CXX_LANGUAGE_STANDARD = "gnu++14";
				CLANG_CXX_LIBRARY = "libc++";
				CLANG_ENABLE_MODULES = YES;
				CLANG_ENABLE_OBJC_ARC = YES;
				CLANG_ENABLE_OBJC_WEAK = YES;
				CLANG_WARN_BLOCK_CAPTURE_AUTORELEASING = YES;
				CLANG_WARN_BOOL_CONVERSION = YES;
				CLANG_WARN_COMMA = YES;
				CLANG_WARN_CONSTANT_CONVERSION = YES;
				CLANG_WARN_DEPRECATED_OBJC_IMPLEMENTATIONS = YES;
				CLANG_WARN_DIRECT_OBJC_ISA_USAGE = YES_ERROR;
				CLANG_WARN_DOCUMENTATION_COMMENTS = YES;
				CLANG_WARN_EMPTY_BODY = YES;
				CLANG_WARN_ENUM_CONVERSION = YES;
				CLANG_WARN_INFINITE_RECURSION = YES;
				CLANG_WARN_INT_CONVERSION = YES;
				CLANG_WARN_NON_LITERAL_NULL_CONVERSION = YES;
				CLANG_WARN_OBJC_IMPLICIT_RETAIN_SELF = YES;
				CLANG_WARN_OBJC_LITERAL_CONVERSION = YES;
				CLANG_WARN_OBJC_ROOT_CLASS = YES_ERROR;
				CLANG_WARN_QUOTED_INCLUDE_IN_FRAMEWORK_HEADER = YES;
				CLANG_WARN_RANGE_LOOP_ANALYSIS = YES;
				CLANG_WARN_STRICT_PROTOTYPES = YES;
				CLANG_WARN_SUSPICIOUS_MOVE = YES;
				CLANG_WARN_UNGUARDED_AVAILABILITY = YES_AGGRESSIVE;
				CLANG_WARN_UNREACHABLE_CODE = YES;
				CLANG_WARN__DUPLICATE_METHOD_MATCH = YES;
				COPY_PHASE_STRIP = NO;
				DEBUG_INFORMATION_FORMAT = dwarf;
				ENABLE_STRICT_OBJC_MSGSEND = YES;
				ENABLE_TESTABILITY = YES;
				GCC_C_LANGUAGE_STANDARD = gnu11;
				GCC_DYNAMIC_NO_PIC = NO;
				GCC_NO_COMMON_BLOCKS = YES;
				GCC_OPTIMIZATION_LEVEL = 0;
				GCC_PREPROCESSOR_DEFINITIONS = (
					"DEBUG=1",
					"$(inherited)",
				);
				GCC_WARN_64_TO_32_BIT_CONVERSION = YES;
				GCC_WARN_ABOUT_RETURN_TYPE = YES_ERROR;
				GCC_WARN_UNDECLARED_SELECTOR = YES;
				GCC_WARN_UNINITIALIZED_AUTOS = YES_AGGRESSIVE;
				GCC_WARN_UNUSED_FUNCTION = YES;
				GCC_WARN_UNUSED_VARIABLE = YES;
				IPHONEOS_DEPLOYMENT_TARGET = 14.2;
				MTL_ENABLE_DEBUG_INFO = INCLUDE_SOURCE;
				MTL_FAST_MATH = YES;
				ONLY_ACTIVE_ARCH = YES;
				SDKROOT = iphoneos;
				SWIFT_ACTIVE_COMPILATION_CONDITIONS = DEBUG;
				SWIFT_OPTIMIZATION_LEVEL = "-Onone";
			};
			name = Debug;
		};
		063669F026B967DA008E9C0F /* Release */ = {
			isa = XCBuildConfiguration;
			buildSettings = {
				ALWAYS_SEARCH_USER_PATHS = NO;
				CLANG_ANALYZER_NONNULL = YES;
				CLANG_ANALYZER_NUMBER_OBJECT_CONVERSION = YES_AGGRESSIVE;
				CLANG_CXX_LANGUAGE_STANDARD = "gnu++14";
				CLANG_CXX_LIBRARY = "libc++";
				CLANG_ENABLE_MODULES = YES;
				CLANG_ENABLE_OBJC_ARC = YES;
				CLANG_ENABLE_OBJC_WEAK = YES;
				CLANG_WARN_BLOCK_CAPTURE_AUTORELEASING = YES;
				CLANG_WARN_BOOL_CONVERSION = YES;
				CLANG_WARN_COMMA = YES;
				CLANG_WARN_CONSTANT_CONVERSION = YES;
				CLANG_WARN_DEPRECATED_OBJC_IMPLEMENTATIONS = YES;
				CLANG_WARN_DIRECT_OBJC_ISA_USAGE = YES_ERROR;
				CLANG_WARN_DOCUMENTATION_COMMENTS = YES;
				CLANG_WARN_EMPTY_BODY = YES;
				CLANG_WARN_ENUM_CONVERSION = YES;
				CLANG_WARN_INFINITE_RECURSION = YES;
				CLANG_WARN_INT_CONVERSION = YES;
				CLANG_WARN_NON_LITERAL_NULL_CONVERSION = YES;
				CLANG_WARN_OBJC_IMPLICIT_RETAIN_SELF = YES;
				CLANG_WARN_OBJC_LITERAL_CONVERSION = YES;
				CLANG_WARN_OBJC_ROOT_CLASS = YES_ERROR;
				CLANG_WARN_QUOTED_INCLUDE_IN_FRAMEWORK_HEADER = YES;
				CLANG_WARN_RANGE_LOOP_ANALYSIS = YES;
				CLANG_WARN_STRICT_PROTOTYPES = YES;
				CLANG_WARN_SUSPICIOUS_MOVE = YES;
				CLANG_WARN_UNGUARDED_AVAILABILITY = YES_AGGRESSIVE;
				CLANG_WARN_UNREACHABLE_CODE = YES;
				CLANG_WARN__DUPLICATE_METHOD_MATCH = YES;
				COPY_PHASE_STRIP = NO;
				DEBUG_INFORMATION_FORMAT = "dwarf-with-dsym";
				ENABLE_NS_ASSERTIONS = NO;
				ENABLE_STRICT_OBJC_MSGSEND = YES;
				GCC_C_LANGUAGE_STANDARD = gnu11;
				GCC_NO_COMMON_BLOCKS = YES;
				GCC_WARN_64_TO_32_BIT_CONVERSION = YES;
				GCC_WARN_ABOUT_RETURN_TYPE = YES_ERROR;
				GCC_WARN_UNDECLARED_SELECTOR = YES;
				GCC_WARN_UNINITIALIZED_AUTOS = YES_AGGRESSIVE;
				GCC_WARN_UNUSED_FUNCTION = YES;
				GCC_WARN_UNUSED_VARIABLE = YES;
				IPHONEOS_DEPLOYMENT_TARGET = 14.2;
				MTL_ENABLE_DEBUG_INFO = NO;
				MTL_FAST_MATH = YES;
				SDKROOT = iphoneos;
				SWIFT_COMPILATION_MODE = wholemodule;
				SWIFT_OPTIMIZATION_LEVEL = "-O";
				VALIDATE_PRODUCT = YES;
			};
			name = Release;
		};
		063669F226B967DA008E9C0F /* Debug */ = {
			isa = XCBuildConfiguration;
			baseConfigurationReference = D55C8DC68BA538855D6CB18A /* Pods-CounterApp1.debug.xcconfig */;
			buildSettings = {
				ASSETCATALOG_COMPILER_APPICON_NAME = AppIcon;
				ASSETCATALOG_COMPILER_GLOBAL_ACCENT_COLOR_NAME = AccentColor;
				CODE_SIGN_STYLE = Automatic;
				DEVELOPMENT_TEAM = ZXL7C6CP2D;
				INFOPLIST_FILE = CounterApp1/Info.plist;
				LD_RUNPATH_SEARCH_PATHS = (
					"$(inherited)",
					"@executable_path/Frameworks",
				);
				PRODUCT_BUNDLE_IDENTIFIER = jp.techacademy.akira.ueda.CounterApp1;
				PRODUCT_NAME = "$(TARGET_NAME)";
				SWIFT_VERSION = 5.0;
				TARGETED_DEVICE_FAMILY = "1,2";
			};
			name = Debug;
		};
		063669F326B967DA008E9C0F /* Release */ = {
			isa = XCBuildConfiguration;
			baseConfigurationReference = 89BDC5CC31B95E66326D7F72 /* Pods-CounterApp1.release.xcconfig */;
			buildSettings = {
				ASSETCATALOG_COMPILER_APPICON_NAME = AppIcon;
				ASSETCATALOG_COMPILER_GLOBAL_ACCENT_COLOR_NAME = AccentColor;
				CODE_SIGN_STYLE = Automatic;
				DEVELOPMENT_TEAM = ZXL7C6CP2D;
				INFOPLIST_FILE = CounterApp1/Info.plist;
				LD_RUNPATH_SEARCH_PATHS = (
					"$(inherited)",
					"@executable_path/Frameworks",
				);
				PRODUCT_BUNDLE_IDENTIFIER = jp.techacademy.akira.ueda.CounterApp1;
				PRODUCT_NAME = "$(TARGET_NAME)";
				SWIFT_VERSION = 5.0;
				TARGETED_DEVICE_FAMILY = "1,2";
			};
			name = Release;
		};
/* End XCBuildConfiguration section */

/* Begin XCConfigurationList section */
		063669D826B967D9008E9C0F /* Build configuration list for PBXProject "CounterApp1" */ = {
			isa = XCConfigurationList;
			buildConfigurations = (
				063669EF26B967DA008E9C0F /* Debug */,
				063669F026B967DA008E9C0F /* Release */,
			);
			defaultConfigurationIsVisible = 0;
			defaultConfigurationName = Release;
		};
		063669F126B967DA008E9C0F /* Build configuration list for PBXNativeTarget "CounterApp1" */ = {
			isa = XCConfigurationList;
			buildConfigurations = (
				063669F226B967DA008E9C0F /* Debug */,
				063669F326B967DA008E9C0F /* Release */,
			);
			defaultConfigurationIsVisible = 0;
			defaultConfigurationName = Release;
		};
/* End XCConfigurationList section */
	};
	rootObject = 063669D526B967D9008E9C0F /* Project object */;
}
